
Microsoft Visual Studio Solution File, Format Version 12.00
# Visual Studio 14
VisualStudioVersion = 14.0.25420.1
MinimumVisualStudioVersion = 10.0.40219.1
Project("{FAE04EC0-301F-11D3-BF4B-00C04F79EFBC}") = "Vistony.CarteraCliente.BO", "Vistony.CarteraCliente.BO\Vistony.CarteraCliente.BO.csproj", "{939FE266-735B-4A4C-A5F2-696CD98A1270}"
EndProject
Project("{FAE04EC0-301F-11D3-BF4B-00C04F79EFBC}") = "Vistony.CarteraCliente.DAL", "Vistony.CarteraCliente.DAL\Vistony.CarteraCliente.DAL.csproj", "{FE704F41-B43C-4A5B-80E4-88B411C4BC64}"
EndProject
Project("{FAE04EC0-301F-11D3-BF4B-00C04F79EFBC}") = "Vistony.CarteraCliente.BLL", "Vistony.CarteraCliente.BLL\Vistony.CarteraCliente.BLL.csproj", "{62869991-12B4-49F2-9A78-69A3F385E017}"
EndProject
Project("{FAE04EC0-301F-11D3-BF4B-00C04F79EFBC}") = "Vistony.CarteraCliente.Win", "Vistony.CarteraCliente.Win\Vistony.CarteraCliente.Win.csproj", "{6014541C-7256-42EF-99C0-A87035730D05}"
EndProject
Global
	GlobalSection(SolutionConfigurationPlatforms) = preSolution
		Debug|Any CPU = Debug|Any CPU
		Release|Any CPU = Release|Any CPU
	EndGlobalSection
	GlobalSection(ProjectConfigurationPlatforms) = postSolution
		{939FE266-735B-4A4C-A5F2-696CD98A1270}.Debug|Any CPU.ActiveCfg = Debug|Any CPU
		{939FE266-735B-4A4C-A5F2-696CD98A1270}.Debug|Any CPU.Build.0 = Debug|Any CPU
		{939FE266-735B-4A4C-A5F2-696CD98A1270}.Release|Any CPU.ActiveCfg = Release|Any CPU
		{939FE266-735B-4A4C-A5F2-696CD98A1270}.Release|Any CPU.Build.0 = Release|Any CPU
		{FE704F41-B43C-4A5B-80E4-88B411C4BC64}.Debug|Any CPU.ActiveCfg = Debug|Any CPU
		{FE704F41-B43C-4A5B-80E4-88B411C4BC64}.Debug|Any CPU.Build.0 = Debug|Any CPU
		{FE704F41-B43C-4A5B-80E4-88B411C4BC64}.Release|Any CPU.ActiveCfg = Release|Any CPU
		{FE704F41-B43C-4A5B-80E4-88B411C4BC64}.Release|Any CPU.Build.0 = Release|Any CPU
		{62869991-12B4-49F2-9A78-69A3F385E017}.Debug|Any CPU.ActiveCfg = Debug|Any CPU
		{62869991-12B4-49F2-9A78-69A3F385E017}.Debug|Any CPU.Build.0 = Debug|Any CPU
		{62869991-12B4-49F2-9A78-69A3F385E017}.Release|Any CPU.ActiveCfg = Release|Any CPU
		{62869991-12B4-49F2-9A78-69A3F385E017}.Release|Any CPU.Build.0 = Release|Any CPU
		{6014541C-7256-42EF-99C0-A87035730D05}.Debug|Any CPU.ActiveCfg = Debug|Any CPU
		{6014541C-7256-42EF-99C0-A87035730D05}.Debug|Any CPU.Build.0 = Debug|Any CPU
		{6014541C-7256-42EF-99C0-A87035730D05}.Release|Any CPU.ActiveCfg = Release|Any CPU
		{6014541C-7256-42EF-99C0-A87035730D05}.Release|Any CPU.Build.0 = Release|Any CPU
	EndGlobalSection
	GlobalSection(SolutionProperties) = preSolution
		HideSolutionNode = FALSE
	EndGlobalSection
	GlobalSection(ExtensibilityGlobals) = postSolution
		SolutionGuid = {B1C01D2A-A4B7-4835-A70D-DC868107C296}
	EndGlobalSection
EndGlobal
